{
  "name": "SPFX-Base-Data-Services",
  "version": "0.0.1",
  "lockfileVersion": 1,
  "requires": true,
  "dependencies": {
    "@microsoft/decorators": {
      "version": "1.8.2",
      "resolved": "https://registry.npmjs.org/@microsoft/decorators/-/decorators-1.8.2.tgz",
      "integrity": "sha512-1tWDtxh6Mks5JjqI2yRPBD3ZaOT1DhDh6+Z/Lj1LWA+OU4CnIkl2P3uGkiKhchXlgHBeKUidFGRVrv0parfTRQ==",
      "requires": {
        "tslib": "~1.9.3"
      }
    },
    "@microsoft/load-themed-styles": {
      "version": "1.10.12",
      "resolved": "https://registry.npmjs.org/@microsoft/load-themed-styles/-/load-themed-styles-1.10.12.tgz",
      "integrity": "sha512-1qdD1Cff3DZHk8dn5SIupiIyDdB1nHWn/Ig/0tosJatD0ly4WlaSQwBDKeu+Ta2CAw7BxFf1U9K19yOrDT+Nog=="
    },
    "@microsoft/microsoft-graph-client": {
      "version": "1.1.0",
      "resolved": "https://registry.npmjs.org/@microsoft/microsoft-graph-client/-/microsoft-graph-client-1.1.0.tgz",
      "integrity": "sha512-sDgchKZz1l3QJVNdkE1P1KpwTjupNt1mS9h1T0CiP+ayMN7IeFKfElB8IYtxFplNalZTmEq+iqoQFqUVpVMLfQ==",
      "requires": {
        "es6-promise": "^4.1.0",
        "isomorphic-fetch": "^2.2.1"
      }
    },
    "@microsoft/microsoft-graph-types": {
      "version": "1.7.0",
      "resolved": "https://registry.npmjs.org/@microsoft/microsoft-graph-types/-/microsoft-graph-types-1.7.0.tgz",
      "integrity": "sha512-Mxu5H+69F8T5NzV4+U8FkTvpIYYWHsmRZzfAuOlIO0zJJGlVyRIVqpq4NmOdUXGC00vZ73ONgCuzuaksxqDm/Q=="
    },
    "@microsoft/office-ui-fabric-react-bundle": {
      "version": "1.8.2",
      "resolved": "https://registry.npmjs.org/@microsoft/office-ui-fabric-react-bundle/-/office-ui-fabric-react-bundle-1.8.2.tgz",
      "integrity": "sha512-KQ07naCdJXW6nquDDEP/ydb8SHoFj1Kcsldj5qREcdJIZfUkrlxXRpFlgJoVKdPF3sYomDSssTCQf8pmy0uicA==",
      "requires": {
        "@types/react": "16.4.2",
        "@types/webpack-env": "1.13.1",
        "@uifabric/icons": "6.4.0",
        "office-ui-fabric-react": "6.143.0",
        "react": "16.7.0",
        "react-dom": "16.7.0",
        "tslib": "~1.9.3"
      }
    },
    "@microsoft/sp-component-base": {
      "version": "1.8.2",
      "resolved": "https://registry.npmjs.org/@microsoft/sp-component-base/-/sp-component-base-1.8.2.tgz",
      "integrity": "sha512-8v7YOYgolyMuBzFrdMvLIalXTpBt4REvy//csoAsDudshjKI0trBDLcjaryjnshz33bzcLvaZArsfRXl3C4pEw==",
      "requires": {
        "@microsoft/decorators": "1.8.2",
        "@microsoft/sp-core-library": "1.8.2",
        "@microsoft/sp-diagnostics": "1.8.2",
        "@microsoft/sp-dynamic-data": "1.8.2",
        "@microsoft/sp-http": "1.8.2",
        "@microsoft/sp-loader": "1.8.2",
        "@microsoft/sp-lodash-subset": "1.8.2",
        "@microsoft/sp-module-interfaces": "1.8.2",
        "@microsoft/sp-page-context": "1.8.2",
        "@types/es6-promise": "0.0.33",
        "@types/webpack-env": "1.13.1"
      }
    },
    "@microsoft/sp-core-library": {
      "version": "1.8.2",
      "resolved": "https://registry.npmjs.org/@microsoft/sp-core-library/-/sp-core-library-1.8.2.tgz",
      "integrity": "sha512-RW06oLu7sdMjq6vNtTFhvsQ7R7Ix5oJZqefC2J7p23yBWNNatmcwaBqM01SVdAsHd1coKwq3eU/0YMhzuaxKQw==",
      "requires": {
        "@microsoft/sp-lodash-subset": "1.8.2",
        "@microsoft/sp-module-interfaces": "1.8.2",
        "@types/es6-promise": "0.0.33",
        "@types/webpack-env": "1.13.1"
      }
    },
    "@microsoft/sp-diagnostics": {
      "version": "1.8.2",
      "resolved": "https://registry.npmjs.org/@microsoft/sp-diagnostics/-/sp-diagnostics-1.8.2.tgz",
      "integrity": "sha512-l7qRUQduWG9waFgIP08E922PY+ea7xa2HZiEUDA6pdSOXbci2R9uo3fgL2Un5e63ZPKa5E1/0jtm1+xtgQkutA==",
      "requires": {
        "@microsoft/sp-core-library": "1.8.2",
        "@microsoft/sp-lodash-subset": "1.8.2"
      }
    },
    "@microsoft/sp-dynamic-data": {
      "version": "1.8.2",
      "resolved": "https://registry.npmjs.org/@microsoft/sp-dynamic-data/-/sp-dynamic-data-1.8.2.tgz",
      "integrity": "sha512-oC4220aH1ooU+VU9ADgnEeZ6YmWZfqvFaFG5vd2EL3jzTYiIxGLvBZOfDGKnsgmaDoWC7lXIYncoG0Os3rh/6w==",
      "requires": {
        "@microsoft/sp-core-library": "1.8.2",
        "@microsoft/sp-diagnostics": "1.8.2",
        "@microsoft/sp-lodash-subset": "1.8.2",
        "@types/webpack-env": "1.13.1",
        "tslib": "~1.9.3"
      }
    },
    "@microsoft/sp-http": {
      "version": "1.8.2",
      "resolved": "https://registry.npmjs.org/@microsoft/sp-http/-/sp-http-1.8.2.tgz",
      "integrity": "sha512-lTVQ6oI1yjc4M0yeyQHrivy+6SNp1q4xUQ3skBWY25b55zPIJHH3m/nOvHy2q44b9eWurdjq7bS1T19lrf7+LQ==",
      "requires": {
        "@microsoft/microsoft-graph-client": "~1.1.0",
        "@microsoft/sp-core-library": "1.8.2",
        "@microsoft/sp-diagnostics": "1.8.2",
        "@types/adal-angular": "1.0.1",
        "adal-angular": "1.0.16",
        "tslib": "~1.9.3"
      }
    },
    "@microsoft/sp-loader": {
      "version": "1.8.2",
      "resolved": "https://registry.npmjs.org/@microsoft/sp-loader/-/sp-loader-1.8.2.tgz",
      "integrity": "sha512-Q1LKFV8jOqWV6451dpDFwyaMK2Hw4X+tcnX5hFqltL1O1r/rD2P7PJkLi8lpL8sqWJ9JhTDDY8+pWD1YYC6W6A==",
      "requires": {
        "@microsoft/office-ui-fabric-react-bundle": "1.8.2",
        "@microsoft/sp-core-library": "1.8.2",
        "@microsoft/sp-diagnostics": "1.8.2",
        "@microsoft/sp-dynamic-data": "1.8.2",
        "@microsoft/sp-http": "1.8.2",
        "@microsoft/sp-lodash-subset": "1.8.2",
        "@microsoft/sp-module-interfaces": "1.8.2",
        "@microsoft/sp-odata-types": "1.8.2",
        "@microsoft/sp-page-context": "1.8.2",
        "@microsoft/sp-polyfills": "1.8.2",
        "@types/es6-promise": "0.0.33",
        "@types/node": "8.5.8",
        "@types/react": "16.4.2",
        "@types/react-dom": "16.0.5",
        "@types/requirejs": "2.1.29",
        "@types/webpack-env": "1.13.1",
        "@uifabric/utilities": "6.29.4",
        "office-ui-fabric-react": "6.143.0",
        "react": "16.7.0",
        "react-dom": "16.7.0",
        "requirejs": "2.1.20",
        "tslib": "~1.9.3"
      },
      "dependencies": {
        "@uifabric/utilities": {
          "version": "6.29.4",
          "resolved": "https://registry.npmjs.org/@uifabric/utilities/-/utilities-6.29.4.tgz",
          "integrity": "sha512-ESyMQfJrIGy1uM0HQApW0gvKpQCZBWLLoQTGZIq8Z4ZcTUEYN4Te+6oImtn0dxI1CIK6fbQNtLvZb5fX82+jMA==",
          "requires": {
            "@uifabric/merge-styles": ">=6.15.2 <7.0.0",
            "@uifabric/set-version": ">=1.1.3 <2.0.0",
            "prop-types": "^15.5.10",
            "tslib": "^1.7.1"
          }
        }
      }
    },
    "@microsoft/sp-lodash-subset": {
      "version": "1.8.2",
      "resolved": "https://registry.npmjs.org/@microsoft/sp-lodash-subset/-/sp-lodash-subset-1.8.2.tgz",
      "integrity": "sha512-PTJuBAqqgxJ6xo8OQWS4sTPOyzgXzPyT60BTHyZJd8ozDoeo3lrTssmXgOaAygMUE+VglyoH7YRNAv+fg/tOgQ==",
      "requires": {
        "@types/lodash": "4.14.117",
        "@types/webpack-env": "1.13.1",
        "tslib": "~1.9.3"
      }
    },
    "@microsoft/sp-module-interfaces": {
      "version": "1.8.2",
      "resolved": "https://registry.npmjs.org/@microsoft/sp-module-interfaces/-/sp-module-interfaces-1.8.2.tgz",
      "integrity": "sha512-vuwmEHZ1dP9Q5/irqpTJynkHmyxP2vfn05Bdehzd/ktlvf4CtUjgVIRXuOCPufGe5fvr96IMKLlhOzifS5sUBw==",
      "requires": {
        "@types/node": "8.5.8",
        "@types/z-schema": "3.16.31",
        "z-schema": "~3.18.3"
      }
    },
    "@microsoft/sp-odata-types": {
      "version": "1.8.2",
      "resolved": "https://registry.npmjs.org/@microsoft/sp-odata-types/-/sp-odata-types-1.8.2.tgz",
      "integrity": "sha512-reRLI23NHfUwJAcQmTGl3z80ncqRlW6YSs8OoZFkIEsYsnuv7P+xwJnhH+4im8ywJ+3ESEOZj6ZtdrvUM9PcmA==",
      "requires": {
        "tslib": "~1.9.3"
      }
    },
    "@microsoft/sp-page-context": {
      "version": "1.8.2",
      "resolved": "https://registry.npmjs.org/@microsoft/sp-page-context/-/sp-page-context-1.8.2.tgz",
      "integrity": "sha512-TkVV/h5XEJUfGH/80y0YPD3jWEli8V3Z+Xsnub0ZjC5lU492J1JLFDeNMqIlG25vhIeL+V+Le9hxU9cTNW4hsA==",
      "requires": {
        "@microsoft/sp-core-library": "1.8.2",
        "@microsoft/sp-diagnostics": "1.8.2",
        "@microsoft/sp-dynamic-data": "1.8.2",
        "@microsoft/sp-lodash-subset": "1.8.2",
        "@microsoft/sp-odata-types": "1.8.2",
        "@types/es6-promise": "0.0.33",
        "@types/webpack-env": "1.13.1",
        "tslib": "~1.9.3"
      }
    },
    "@microsoft/sp-polyfills": {
      "version": "1.8.2",
      "resolved": "https://registry.npmjs.org/@microsoft/sp-polyfills/-/sp-polyfills-1.8.2.tgz",
      "integrity": "sha512-0Zl7ipeFws2PJYbtVQ0UMWzBExZuH5qQZuzf25KXmYsQd8tgMNBI3C1OCnTqbTYVx8LhdJtlf5y5D1mYLV4Raw==",
      "requires": {
        "@types/webpack-env": "1.13.1",
        "es6-collections": "0.5.6",
        "es6-promise": "4.1.1",
        "tslib": "~1.9.3",
        "whatwg-fetch": "2.0.3",
        "whatwg-url": "4.7.1"
      },
      "dependencies": {
        "es6-promise": {
          "version": "4.1.1",
          "resolved": "https://registry.npmjs.org/es6-promise/-/es6-promise-4.1.1.tgz",
          "integrity": "sha512-OaU1hHjgJf+b0NzsxCg7NdIYERD6Hy/PEmFLTjw+b65scuisG3Kt4QoTvJ66BBkPZ581gr0kpoVzKnxniM8nng=="
        },
        "whatwg-fetch": {
          "version": "2.0.3",
          "resolved": "https://registry.npmjs.org/whatwg-fetch/-/whatwg-fetch-2.0.3.tgz",
          "integrity": "sha1-nITsLc9oGH/wC8ZOEnS0QhduHIQ="
        }
      }
    },
    "@microsoft/sp-property-pane": {
      "version": "1.8.2",
      "resolved": "https://registry.npmjs.org/@microsoft/sp-property-pane/-/sp-property-pane-1.8.2.tgz",
      "integrity": "sha512-XGHxlx4vyQIA9TeeYB38OQcHQ+ehn/SWVMS6HM+hJmjdCRWFjHIpCYamvuWyrL8hkOFLvvv7w8mPt23aLjSTag==",
      "requires": {
        "@microsoft/decorators": "1.8.2",
        "@microsoft/office-ui-fabric-react-bundle": "1.8.2",
        "@microsoft/sp-component-base": "1.8.2",
        "@microsoft/sp-core-library": "1.8.2",
        "@microsoft/sp-diagnostics": "1.8.2",
        "@microsoft/sp-dynamic-data": "1.8.2",
        "@microsoft/sp-lodash-subset": "1.8.2",
        "@types/es6-promise": "0.0.33",
        "@types/react": "16.4.2",
        "@types/react-dom": "16.0.5",
        "@types/webpack-env": "1.13.1",
        "office-ui-fabric-react": "6.143.0",
        "react": "16.7.0",
        "react-dom": "16.7.0",
        "tslib": "~1.9.3"
      }
    },
    "@microsoft/sp-webpart-base": {
      "version": "1.8.2",
      "resolved": "https://registry.npmjs.org/@microsoft/sp-webpart-base/-/sp-webpart-base-1.8.2.tgz",
      "integrity": "sha512-6dj0pd1iNHsxyRG4+ORyItVd/lqbSuXi473kO2nuOzdHW+LqWwriXq5qaWq2tJ9eEJRu9J+ONqhU4rEL99GdMg==",
      "requires": {
        "@microsoft/decorators": "1.8.2",
        "@microsoft/load-themed-styles": "1.8.62",
        "@microsoft/sp-component-base": "1.8.2",
        "@microsoft/sp-core-library": "1.8.2",
        "@microsoft/sp-diagnostics": "1.8.2",
        "@microsoft/sp-dynamic-data": "1.8.2",
        "@microsoft/sp-http": "1.8.2",
        "@microsoft/sp-loader": "1.8.2",
        "@microsoft/sp-lodash-subset": "1.8.2",
        "@microsoft/sp-module-interfaces": "1.8.2",
        "@microsoft/sp-page-context": "1.8.2",
        "@microsoft/sp-property-pane": "1.8.2",
        "@microsoft/teams-js": "1.4.1",
        "@types/es6-promise": "0.0.33",
        "@types/webpack-env": "1.13.1",
        "office-ui-fabric-react": "6.143.0",
        "tslib": "~1.9.3"
      },
      "dependencies": {
        "@microsoft/load-themed-styles": {
          "version": "1.8.62",
          "resolved": "https://registry.npmjs.org/@microsoft/load-themed-styles/-/load-themed-styles-1.8.62.tgz",
          "integrity": "sha512-T9yplfIBWV6R5n0y9TuAnF8og7lUTFRqiOD/F8y3J4ziAkg3RD2Gih7p0TdTD4vmqbFJOpuuXMNMpERFFMgvvg=="
        }
      }
    },
    "@microsoft/teams-js": {
      "version": "1.4.1",
      "resolved": "https://registry.npmjs.org/@microsoft/teams-js/-/teams-js-1.4.1.tgz",
      "integrity": "sha512-0BuWgUrZvZ0X98roHTWQVtnjlw22DWJBFW7LCqKS7Q/0Zu19GAWNL/mJoVJRRujVHUbEW+QU0qwJK6KqitUcsw=="
    },
    "@pnp/common": {
      "version": "1.3.4",
      "resolved": "https://registry.npmjs.org/@pnp/common/-/common-1.3.4.tgz",
      "integrity": "sha512-gs5q9Fiy9BUTqPvqC7Ake9fAQVrcq5RVRGhQMbZPAdx14iiFhfwR1fq7MJltdRMXIToi+3YGdKxh7fn2xCkMbA==",
      "requires": {
        "adal-angular": "1.0.17",
        "tslib": "1.10.0"
      },
      "dependencies": {
        "adal-angular": {
          "version": "1.0.17",
          "resolved": "https://registry.npmjs.org/adal-angular/-/adal-angular-1.0.17.tgz",
          "integrity": "sha1-bpNuDkH5HTsqiOf/ypwvb29WLMQ="
        },
        "tslib": {
          "version": "1.10.0",
          "resolved": "https://registry.npmjs.org/tslib/-/tslib-1.10.0.tgz",
          "integrity": "sha512-qOebF53frne81cf0S9B41ByenJ3/IuH8yJKngAX35CmiZySA0khhkovshKK+jGCaMnVomla7gVlIcc3EvKPbTQ=="
        }
      }
    },
    "@pnp/config-store": {
      "version": "1.3.4",
      "resolved": "https://registry.npmjs.org/@pnp/config-store/-/config-store-1.3.4.tgz",
      "integrity": "sha512-cIkrVsuCINuqYFdoxjerrN20SATMunq9Vu25/sX2293oXFJH86sAfczDkCHGayYA2LaIeM5AULMMdgrZbpYqKA==",
      "requires": {
        "tslib": "1.10.0"
      },
      "dependencies": {
        "tslib": {
          "version": "1.10.0",
          "resolved": "https://registry.npmjs.org/tslib/-/tslib-1.10.0.tgz",
          "integrity": "sha512-qOebF53frne81cf0S9B41ByenJ3/IuH8yJKngAX35CmiZySA0khhkovshKK+jGCaMnVomla7gVlIcc3EvKPbTQ=="
        }
      }
    },
    "@pnp/graph": {
      "version": "1.3.4",
      "resolved": "https://registry.npmjs.org/@pnp/graph/-/graph-1.3.4.tgz",
      "integrity": "sha512-T8kaGpUQTTQGps1kL/JZsmYdlK/h5vcMsyA+ivcq7OKBXtkW7GHGVAYgk7PhYxw6LkiNPTPC8u5y2zbBkNTNzA==",
      "requires": {
        "@microsoft/microsoft-graph-types": "1.7.0",
        "tslib": "1.10.0"
      },
      "dependencies": {
        "tslib": {
          "version": "1.10.0",
          "resolved": "https://registry.npmjs.org/tslib/-/tslib-1.10.0.tgz",
          "integrity": "sha512-qOebF53frne81cf0S9B41ByenJ3/IuH8yJKngAX35CmiZySA0khhkovshKK+jGCaMnVomla7gVlIcc3EvKPbTQ=="
        }
      }
    },
    "@pnp/logging": {
      "version": "1.3.4",
      "resolved": "https://registry.npmjs.org/@pnp/logging/-/logging-1.3.4.tgz",
      "integrity": "sha512-YWvAN5z45afouLtCFP1ClT74bd/tFNf5G5QgmxxMPwEp37PoYTMgUCf4hH+ZZVe6MO3eD5DVPr57ZdeF+oLzzQ==",
      "requires": {
        "tslib": "1.10.0"
      },
      "dependencies": {
        "tslib": {
          "version": "1.10.0",
          "resolved": "https://registry.npmjs.org/tslib/-/tslib-1.10.0.tgz",
          "integrity": "sha512-qOebF53frne81cf0S9B41ByenJ3/IuH8yJKngAX35CmiZySA0khhkovshKK+jGCaMnVomla7gVlIcc3EvKPbTQ=="
        }
      }
    },
    "@pnp/odata": {
      "version": "1.3.4",
      "resolved": "https://registry.npmjs.org/@pnp/odata/-/odata-1.3.4.tgz",
      "integrity": "sha512-S9X+qhIrjuxv02cN56wv68hGFa5q27N1DTv/yKC8TXp3nHAGKoKwT/uRIilOrtANIR/DBMC0Oto5lXfLtC/PiQ==",
      "requires": {
        "tslib": "1.10.0"
      },
      "dependencies": {
        "tslib": {
          "version": "1.10.0",
          "resolved": "https://registry.npmjs.org/tslib/-/tslib-1.10.0.tgz",
          "integrity": "sha512-qOebF53frne81cf0S9B41ByenJ3/IuH8yJKngAX35CmiZySA0khhkovshKK+jGCaMnVomla7gVlIcc3EvKPbTQ=="
        }
      }
    },
    "@pnp/pnpjs": {
      "version": "1.3.4",
      "resolved": "https://registry.npmjs.org/@pnp/pnpjs/-/pnpjs-1.3.4.tgz",
      "integrity": "sha512-yZ/EXULAi+52p0nXsDNQy2VPi4QMxocMck+XWZorC3FOQeCit0RFV6gDEOXDdPDRusAYuIoGi7bSrY0TcqFZrQ==",
      "requires": {
        "@pnp/common": "1.3.4",
        "@pnp/config-store": "1.3.4",
        "@pnp/graph": "1.3.4",
        "@pnp/logging": "1.3.4",
        "@pnp/odata": "1.3.4",
        "@pnp/sp": "1.3.4",
        "@pnp/sp-addinhelpers": "1.3.4",
        "tslib": "1.10.0"
      },
      "dependencies": {
        "tslib": {
          "version": "1.10.0",
          "resolved": "https://registry.npmjs.org/tslib/-/tslib-1.10.0.tgz",
          "integrity": "sha512-qOebF53frne81cf0S9B41ByenJ3/IuH8yJKngAX35CmiZySA0khhkovshKK+jGCaMnVomla7gVlIcc3EvKPbTQ=="
        }
      }
    },
    "@pnp/sp": {
      "version": "1.3.4",
      "resolved": "https://registry.npmjs.org/@pnp/sp/-/sp-1.3.4.tgz",
      "integrity": "sha512-mTPXjs3kI/Ydxy5wMZ0eBMaMmxcMeCUXJbo522xtWNSGgQEHiEdM75QKNniIo6Bf+Nhnf6h3T8bdR8A4+1ztJw==",
      "requires": {
        "tslib": "1.10.0"
      },
      "dependencies": {
        "tslib": {
          "version": "1.10.0",
          "resolved": "https://registry.npmjs.org/tslib/-/tslib-1.10.0.tgz",
          "integrity": "sha512-qOebF53frne81cf0S9B41ByenJ3/IuH8yJKngAX35CmiZySA0khhkovshKK+jGCaMnVomla7gVlIcc3EvKPbTQ=="
        }
      }
    },
    "@pnp/sp-addinhelpers": {
      "version": "1.3.4",
      "resolved": "https://registry.npmjs.org/@pnp/sp-addinhelpers/-/sp-addinhelpers-1.3.4.tgz",
      "integrity": "sha512-Dg3W+jjghltlhms761FD7usoOIUwjQu+kshu63mnMJm1lYEnZ1UPIli1V8F9dGnufWA0dUXp6STxy6Us3pymPw==",
      "requires": {
        "@types/sharepoint": "2016.1.3",
        "tslib": "1.10.0"
      },
      "dependencies": {
        "tslib": {
          "version": "1.10.0",
          "resolved": "https://registry.npmjs.org/tslib/-/tslib-1.10.0.tgz",
          "integrity": "sha512-qOebF53frne81cf0S9B41ByenJ3/IuH8yJKngAX35CmiZySA0khhkovshKK+jGCaMnVomla7gVlIcc3EvKPbTQ=="
        }
      }
    },
    "@pnp/sp-clientsvc": {
      "version": "1.3.4",
      "resolved": "https://registry.npmjs.org/@pnp/sp-clientsvc/-/sp-clientsvc-1.3.4.tgz",
      "integrity": "sha512-nu1W9L4kL4QDlXN7jWratlmH0LLW1cMjJZZt55HoRwPo3hstnCbX607jaoZH4l7q4REpFSVtm2FbU1wRWoXBPA==",
      "requires": {
        "tslib": "1.10.0"
      },
      "dependencies": {
        "tslib": {
          "version": "1.10.0",
          "resolved": "https://registry.npmjs.org/tslib/-/tslib-1.10.0.tgz",
          "integrity": "sha512-qOebF53frne81cf0S9B41ByenJ3/IuH8yJKngAX35CmiZySA0khhkovshKK+jGCaMnVomla7gVlIcc3EvKPbTQ=="
        }
      }
    },
    "@pnp/sp-taxonomy": {
      "version": "1.3.4",
      "resolved": "https://registry.npmjs.org/@pnp/sp-taxonomy/-/sp-taxonomy-1.3.4.tgz",
      "integrity": "sha512-nWIFHzPGIVr1QNVi2O3b9GVLVfYNu+J8WRDjXi/yyQrsHtUuE8pDv4qDV8/lKNViUM892js4JqwsDaSGjLH+iw==",
      "requires": {
        "tslib": "1.10.0"
      },
      "dependencies": {
        "tslib": {
          "version": "1.10.0",
          "resolved": "https://registry.npmjs.org/tslib/-/tslib-1.10.0.tgz",
          "integrity": "sha512-qOebF53frne81cf0S9B41ByenJ3/IuH8yJKngAX35CmiZySA0khhkovshKK+jGCaMnVomla7gVlIcc3EvKPbTQ=="
        }
      }
    },
    "@types/adal-angular": {
      "version": "1.0.1",
      "resolved": "https://registry.npmjs.org/@types/adal-angular/-/adal-angular-1.0.1.tgz",
      "integrity": "sha512-2sRGxJYrluhvIz8ae98i5k5woe9Fics4dMFHTcNfY2xAkj5QGZor+sfZzlgM58Fpw7Kklau9Gn6OhgJP25dKug=="
    },
    "@types/es6-promise": {
      "version": "0.0.33",
      "resolved": "https://registry.npmjs.org/@types/es6-promise/-/es6-promise-0.0.33.tgz",
      "integrity": "sha512-HKJFVLCGrWQ/1unEw8JdaTxu6n3EUxmwTxJ6D0O1x0gD8joCsgoTWxEgevb7fp2XIogNjof3KEd+3bJoGne/nw=="
    },
    "@types/lodash": {
      "version": "4.14.117",
      "resolved": "https://registry.npmjs.org/@types/lodash/-/lodash-4.14.117.tgz",
      "integrity": "sha512-xyf2m6tRbz8qQKcxYZa7PA4SllYcay+eh25DN3jmNYY6gSTL7Htc/bttVdkqj2wfJGbeWlQiX8pIyJpKU+tubw=="
    },
    "@types/microsoft-ajax": {
      "version": "0.0.33",
      "resolved": "https://registry.npmjs.org/@types/microsoft-ajax/-/microsoft-ajax-0.0.33.tgz",
      "integrity": "sha512-R31YIw2FUZsx62yzH1LX9+SV0xCxRn+r6FpYhaEKHAms+3zozMYZZvsJO+I3za+wlE/z03PrePGgCO1rxv7dUg=="
    },
    "@types/node": {
      "version": "8.5.8",
      "resolved": "https://registry.npmjs.org/@types/node/-/node-8.5.8.tgz",
      "integrity": "sha512-8KmlRxwbKZfjUHFIt3q8TF5S2B+/E5BaAoo/3mgc5h6FJzqxXkCK/VMetO+IRDtwtU6HUvovHMBn+XRj7SV9Qg=="
    },
    "@types/react": {
      "version": "16.4.2",
      "resolved": "https://registry.npmjs.org/@types/react/-/react-16.4.2.tgz",
      "integrity": "sha512-oVcVteCDNiVc/fkDjowRfAZQDEOR76j3CJ3FvwXNvfV6zJguhghy1lMgpAzYox+9AZsWch+JPV6Imml3wvIUeg==",
      "requires": {
        "csstype": "^2.2.0"
      }
    },
    "@types/react-dom": {
      "version": "16.0.5",
      "resolved": "https://registry.npmjs.org/@types/react-dom/-/react-dom-16.0.5.tgz",
      "integrity": "sha512-ony2hEYlGXCLWNAWWgbsHR7qVvDbeMRFc5b43+7dhj3n+zXzxz81HV9Yjpc3JD8vLCiwYoSLqFCI6bD0+0zG2Q==",
      "requires": {
        "@types/node": "*",
        "@types/react": "*"
      }
    },
    "@types/requirejs": {
      "version": "2.1.29",
      "resolved": "https://registry.npmjs.org/@types/requirejs/-/requirejs-2.1.29.tgz",
      "integrity": "sha1-vEi8gzwHnCwkumr7ym06A7P04vM="
    },
    "@types/sharepoint": {
      "version": "2016.1.3",
      "resolved": "https://registry.npmjs.org/@types/sharepoint/-/sharepoint-2016.1.3.tgz",
      "integrity": "sha512-snDcfEqlgmkW1XvruEPxcwRl8zsmlf7Rlld1MCS47N+IQpGVxtH7UD18ti0lyCEgoXu08JW1rDVLQOrCSE3odQ==",
      "requires": {
        "@types/microsoft-ajax": "*"
      }
    },
    "@types/webpack-env": {
      "version": "1.13.1",
      "resolved": "https://registry.npmjs.org/@types/webpack-env/-/webpack-env-1.13.1.tgz",
      "integrity": "sha512-oHyg0NssP2RCpCvE35hhbSqMJRsc5lSW+GFe+Vc65JL+kHII1VMYM+0KeV/z4utFuUqPoQRmq8KMMp7ba0dj6Q=="
    },
    "@types/z-schema": {
      "version": "3.16.31",
      "resolved": "https://registry.npmjs.org/@types/z-schema/-/z-schema-3.16.31.tgz",
      "integrity": "sha1-LrHQCl5Ow/pYx2r94S4YK2bcXBw="
    },
    "@uifabric/foundation": {
      "version": "0.8.3",
      "resolved": "https://registry.npmjs.org/@uifabric/foundation/-/foundation-0.8.3.tgz",
      "integrity": "sha512-r3WhRj7Out8QAOe50BGA36R8zgRPy0D0GNPuwFK9BB9oIidf91ycj7/miY8U0TZRZi5fB3Kg+dy/uxSDfgC6Og==",
      "requires": {
        "@uifabric/set-version": "^1.1.3",
        "@uifabric/styling": "^6.50.7",
        "@uifabric/utilities": "^6.41.7",
        "tslib": "^1.7.1"
      }
    },
    "@uifabric/icons": {
      "version": "6.4.0",
      "resolved": "https://registry.npmjs.org/@uifabric/icons/-/icons-6.4.0.tgz",
      "integrity": "sha512-pbKu3OnWaRIeDqMFhicDrrcqicxNqoHpJpknZR9N2xxoPnYMnt2ZOhBNnAxoVVcxHlWkFNg0rvFrOAQGn+S5/Q==",
      "requires": {
        "@uifabric/set-version": ">=1.1.3 <2.0.0",
        "@uifabric/styling": ">=6.41.0 <7.0.0",
        "tslib": "^1.7.1"
      }
    },
    "@uifabric/merge-styles": {
      "version": "6.19.4",
      "resolved": "https://registry.npmjs.org/@uifabric/merge-styles/-/merge-styles-6.19.4.tgz",
      "integrity": "sha512-bjQdDHxmRIZVPwL//MtErODhEfcRJ2y+zJXoIWNh3T8JfAepeRDdoJ/pGNnnyJxA/AHMtlWt0IgMaz150/nfAA==",
      "requires": {
        "@uifabric/set-version": "^1.1.3",
        "tslib": "^1.7.1"
      }
    },
    "@uifabric/set-version": {
      "version": "1.1.3",
      "resolved": "https://registry.npmjs.org/@uifabric/set-version/-/set-version-1.1.3.tgz",
      "integrity": "sha512-IYpwVIuN7MJOeiWzZzr9AmFSvA5zc6gJn4fNHtEFIQnNB8WVWIcYrvx8Tbf7wWj9MvhdHYp70F054zZlHbL/Ag==",
      "requires": {
        "tslib": "^1.7.1"
      }
    },
    "@uifabric/styling": {
      "version": "6.50.7",
      "resolved": "https://registry.npmjs.org/@uifabric/styling/-/styling-6.50.7.tgz",
      "integrity": "sha512-F2aBiB30ZiFxlZzy5hzLXODWOl6jySvPFAsoaTofk37xucHiunBLZYjX6WkfZrCWiyGPva+DLssNcwly9ZHVjg==",
      "requires": {
        "@microsoft/load-themed-styles": "^1.7.13",
        "@uifabric/merge-styles": "^6.19.4",
        "@uifabric/set-version": "^1.1.3",
        "@uifabric/utilities": "^6.41.7",
        "tslib": "^1.7.1"
      }
    },
    "@uifabric/utilities": {
      "version": "6.45.0",
      "resolved": "https://registry.npmjs.org/@uifabric/utilities/-/utilities-6.45.0.tgz",
      "integrity": "sha512-sC9etmDJ2kLV8409oaUVqxmMCU6IaBLtyvO6VQ/hFNo0r9Fqz2AgpqYaKRaKfXQvseqMJWTkYMXpovb2UfOpsg==",
      "requires": {
        "@uifabric/merge-styles": "^6.19.4",
        "@uifabric/set-version": "^1.1.3",
        "prop-types": "^15.5.10",
        "tslib": "^1.7.1"
      }
    },
    "adal-angular": {
      "version": "1.0.16",
      "resolved": "https://registry.npmjs.org/adal-angular/-/adal-angular-1.0.16.tgz",
      "integrity": "sha1-4rwxvHEqr/ugU6pN1GvITrXSCQ8="
    },
    "commander": {
      "version": "2.20.1",
      "resolved": "https://registry.npmjs.org/commander/-/commander-2.20.1.tgz",
      "integrity": "sha512-cCuLsMhJeWQ/ZpsFTbE765kvVfoeSddc4nU3up4fV+fDBcfUXnbITJ+JzhkdjzOqhURjZgujxaioam4RM9yGUg==",
      "optional": true
    },
    "csstype": {
      "version": "2.6.7",
      "resolved": "https://registry.npmjs.org/csstype/-/csstype-2.6.7.tgz",
      "integrity": "sha512-9Mcn9sFbGBAdmimWb2gLVDtFJzeKtDGIr76TUqmjZrw9LFXBMSU70lcs+C0/7fyCd6iBDqmksUcCOUIkisPHsQ=="
    },
    "encoding": {
      "version": "0.1.12",
      "resolved": "https://registry.npmjs.org/encoding/-/encoding-0.1.12.tgz",
      "integrity": "sha1-U4tm8+5izRq1HsMjgp0flIDHS+s=",
      "requires": {
        "iconv-lite": "~0.4.13"
      }
    },
    "es6-collections": {
      "version": "0.5.6",
      "resolved": "https://registry.npmjs.org/es6-collections/-/es6-collections-0.5.6.tgz",
      "integrity": "sha1-VVLoAK0SwYIM2ivUp5rn27A9iaI="
    },
    "es6-promise": {
      "version": "4.2.8",
      "resolved": "https://registry.npmjs.org/es6-promise/-/es6-promise-4.2.8.tgz",
      "integrity": "sha512-HJDGx5daxeIvxdBxvG2cb9g4tEvwIk3i8+nhX0yGrYmZUzbkdg8QbDevheDB8gd0//uPj4c1EQua8Q+MViT0/w=="
    },
    "iconv-lite": {
      "version": "0.4.24",
      "resolved": "https://registry.npmjs.org/iconv-lite/-/iconv-lite-0.4.24.tgz",
      "integrity": "sha512-v3MXnZAcvnywkTUEZomIActle7RXXeedOR31wwl7VlyoXO4Qi9arvSenNQWne1TcRwhCL1HwLI21bEqdpj8/rA==",
      "requires": {
        "safer-buffer": ">= 2.1.2 < 3"
      }
    },
    "idb": {
      "version": "3.0.2",
      "resolved": "https://registry.npmjs.org/idb/-/idb-3.0.2.tgz",
      "integrity": "sha512-+FLa/0sTXqyux0o6C+i2lOR0VoS60LU/jzUo5xjfY6+7sEEgy4Gz1O7yFBXvjd7N0NyIGWIRg8DcQSLEG+VSPw=="
    },
    "is-stream": {
      "version": "1.1.0",
      "resolved": "https://registry.npmjs.org/is-stream/-/is-stream-1.1.0.tgz",
      "integrity": "sha1-EtSj3U5o4Lec6428hBc66A2RykQ="
    },
    "isomorphic-fetch": {
      "version": "2.2.1",
      "resolved": "https://registry.npmjs.org/isomorphic-fetch/-/isomorphic-fetch-2.2.1.tgz",
      "integrity": "sha1-YRrhrPFPXoH3KVB0coGf6XM1WKk=",
      "requires": {
        "node-fetch": "^1.0.1",
        "whatwg-fetch": ">=0.10.0"
      }
    },
    "js-tokens": {
      "version": "4.0.0",
      "resolved": "https://registry.npmjs.org/js-tokens/-/js-tokens-4.0.0.tgz",
      "integrity": "sha512-RdJUflcE3cUzKiMqQgsCu06FPu9UdIJO0beYbPhHN4k6apgJtifcoCtT9bcxOpYBtpD2kCM6Sbzg4CausW/PKQ=="
    },
    "lodash.get": {
      "version": "4.4.2",
      "resolved": "https://registry.npmjs.org/lodash.get/-/lodash.get-4.4.2.tgz",
      "integrity": "sha1-LRd/ZS+jHpObRDjVNBSZ36OCXpk="
    },
    "lodash.isequal": {
      "version": "4.5.0",
      "resolved": "https://registry.npmjs.org/lodash.isequal/-/lodash.isequal-4.5.0.tgz",
      "integrity": "sha1-QVxEePK8wwEgwizhDtMib30+GOA="
    },
    "loose-envify": {
      "version": "1.4.0",
      "resolved": "https://registry.npmjs.org/loose-envify/-/loose-envify-1.4.0.tgz",
      "integrity": "sha512-lyuxPGr/Wfhrlem2CL/UcnUc1zcqKAImBDzukY7Y5F/yQiNdko6+fRLevlw1HgMySw7f611UIY408EtxRSoK3Q==",
      "requires": {
        "js-tokens": "^3.0.0 || ^4.0.0"
      }
    },
    "mime-db": {
      "version": "1.40.0",
      "resolved": "https://registry.npmjs.org/mime-db/-/mime-db-1.40.0.tgz",
      "integrity": "sha512-jYdeOMPy9vnxEqFRRo6ZvTZ8d9oPb+k18PKoYNYUe2stVEBPPwsln/qWzdbmaIvnhZ9v2P+CuecK+fpUfsV2mA=="
    },
    "mime-types": {
      "version": "2.1.24",
      "resolved": "https://registry.npmjs.org/mime-types/-/mime-types-2.1.24.tgz",
      "integrity": "sha512-WaFHS3MCl5fapm3oLxU4eYDw77IQM2ACcxQ9RIxfaC3ooc6PFuBMGZZsYpvoXS5D5QTWPieo1jjLdAm3TBP3cQ==",
      "requires": {
        "mime-db": "1.40.0"
      }
    },
    "node-fetch": {
      "version": "1.7.3",
      "resolved": "https://registry.npmjs.org/node-fetch/-/node-fetch-1.7.3.tgz",
      "integrity": "sha512-NhZ4CsKx7cYm2vSrBAr2PvFOe6sWDf0UYLRqA6svUYg7+/TSfVAu49jYC4BvQ4Sms9SZgdqGBgroqfDhJdTyKQ==",
      "requires": {
        "encoding": "^0.1.11",
        "is-stream": "^1.0.1"
      }
    },
    "object-assign": {
      "version": "4.1.1",
      "resolved": "https://registry.npmjs.org/object-assign/-/object-assign-4.1.1.tgz",
      "integrity": "sha1-IQmtx5ZYh8/AXLvUQsrIv7s2CGM="
    },
    "office-ui-fabric-react": {
      "version": "6.143.0",
      "resolved": "https://registry.npmjs.org/office-ui-fabric-react/-/office-ui-fabric-react-6.143.0.tgz",
      "integrity": "sha512-JXV1h8upR+WPYQ7SuJFgp9XuLrJUDT9QjI7bzbyY+dpwjKCX0D22BlTfi7O52IdDt4eFesJofN8DfW0A/opvMw==",
      "requires": {
        "@microsoft/load-themed-styles": "^1.7.13",
        "@uifabric/foundation": ">=0.7.1 <1.0.0",
        "@uifabric/icons": ">=6.4.0 <7.0.0",
        "@uifabric/merge-styles": ">=6.15.2 <7.0.0",
        "@uifabric/set-version": ">=1.1.3 <2.0.0",
        "@uifabric/styling": ">=6.41.0 <7.0.0",
        "@uifabric/utilities": ">=6.29.3 <7.0.0",
        "prop-types": "^15.5.10",
        "tslib": "^1.7.1"
      }
    },
    "prop-types": {
      "version": "15.7.2",
      "resolved": "https://registry.npmjs.org/prop-types/-/prop-types-15.7.2.tgz",
      "integrity": "sha512-8QQikdH7//R2vurIJSutZ1smHYTcLpRWEOlHnzcWHmBYrOGUysKwSsrC89BCiFj3CbrfJ/nXFdJepOVrY1GCHQ==",
      "requires": {
        "loose-envify": "^1.4.0",
        "object-assign": "^4.1.1",
        "react-is": "^16.8.1"
      }
    },
    "react": {
      "version": "16.7.0",
      "resolved": "https://registry.npmjs.org/react/-/react-16.7.0.tgz",
      "integrity": "sha512-StCz3QY8lxTb5cl2HJxjwLFOXPIFQp+p+hxQfc8WE0QiLfCtIlKj8/+5tjjKm8uSTlAW+fCPaavGFS06V9Ar3A==",
      "requires": {
        "loose-envify": "^1.1.0",
        "object-assign": "^4.1.1",
        "prop-types": "^15.6.2",
        "scheduler": "^0.12.0"
      }
    },
    "react-dom": {
      "version": "16.7.0",
      "resolved": "https://registry.npmjs.org/react-dom/-/react-dom-16.7.0.tgz",
      "integrity": "sha512-D0Ufv1ExCAmF38P2Uh1lwpminZFRXEINJe53zRAbm4KPwSyd6DY/uDoS0Blj9jvPpn1+wivKpZYc8aAAN/nAkg==",
      "requires": {
        "loose-envify": "^1.1.0",
        "object-assign": "^4.1.1",
        "prop-types": "^15.6.2",
        "scheduler": "^0.12.0"
      }
    },
    "react-is": {
      "version": "16.10.2",
      "resolved": "https://registry.npmjs.org/react-is/-/react-is-16.10.2.tgz",
      "integrity": "sha512-INBT1QEgtcCCgvccr5/86CfD71fw9EPmDxgiJX4I2Ddr6ZsV6iFXsuby+qWJPtmNuMY0zByTsG4468P7nHuNWA=="
    },
    "requirejs": {
      "version": "2.1.20",
      "resolved": "https://registry.npmjs.org/requirejs/-/requirejs-2.1.20.tgz",
      "integrity": "sha1-EUgiyRfsh5NFCy2qoeubvxEB6TE="
    },
    "safer-buffer": {
      "version": "2.1.2",
      "resolved": "https://registry.npmjs.org/safer-buffer/-/safer-buffer-2.1.2.tgz",
      "integrity": "sha512-YZo3K82SD7Riyi0E1EQPojLz7kpepnSQI9IyPbHHg1XXXevb5dJI7tpyN2ADxGcQbHG7vcyRHk0cbwqcQriUtg=="
    },
    "scheduler": {
      "version": "0.12.0",
      "resolved": "https://registry.npmjs.org/scheduler/-/scheduler-0.12.0.tgz",
      "integrity": "sha512-t7MBR28Akcp4Jm+QoR63XgAi9YgCUmgvDHqf5otgAj4QvdoBE4ImCX0ffehefePPG+aitiYHp0g/mW6s4Tp+dw==",
      "requires": {
        "loose-envify": "^1.1.0",
        "object-assign": "^4.1.1"
      }
    },
    "tr46": {
      "version": "0.0.3",
      "resolved": "https://registry.npmjs.org/tr46/-/tr46-0.0.3.tgz",
      "integrity": "sha1-gYT9NH2snNwYWZLzpmIuFLnZq2o="
    },
    "tslib": {
      "version": "1.9.3",
      "resolved": "https://registry.npmjs.org/tslib/-/tslib-1.9.3.tgz",
      "integrity": "sha512-4krF8scpejhaOgqzBEcGM7yDIEfi0/8+8zDRZhNZZ2kjmHJ4hv3zCbQWxoJGz1iw5U0Jl0nma13xzHXcncMavQ=="
    },
    "typescript": {
      "version": "3.5.3",
      "resolved": "https://registry.npmjs.org/typescript/-/typescript-3.5.3.tgz",
      "integrity": "sha512-ACzBtm/PhXBDId6a6sDJfroT2pOWt/oOnk4/dElG5G33ZL776N3Y6/6bKZJBFpd+b05F3Ct9qDjMeJmRWtE2/g=="
    },
    "validator": {
      "version": "8.2.0",
      "resolved": "https://registry.npmjs.org/validator/-/validator-8.2.0.tgz",
      "integrity": "sha512-Yw5wW34fSv5spzTXNkokD6S6/Oq92d8q/t14TqsS3fAiA1RYnxSFSIZ+CY3n6PGGRCq5HhJTSepQvFUS2QUDxA=="
    },
    "webidl-conversions": {
      "version": "3.0.1",
      "resolved": "https://registry.npmjs.org/webidl-conversions/-/webidl-conversions-3.0.1.tgz",
      "integrity": "sha1-JFNCdeKnvGvnvIZhHMFq4KVlSHE="
    },
    "whatwg-fetch": {
      "version": "3.0.0",
      "resolved": "https://registry.npmjs.org/whatwg-fetch/-/whatwg-fetch-3.0.0.tgz",
      "integrity": "sha512-9GSJUgz1D4MfyKU7KRqwOjXCXTqWdFNvEr7eUBYchQiVc744mqK/MzXPNR2WsPkmkOa4ywfg8C2n8h+13Bey1Q=="
    },
    "whatwg-url": {
      "version": "4.7.1",
      "resolved": "https://registry.npmjs.org/whatwg-url/-/whatwg-url-4.7.1.tgz",
      "integrity": "sha1-303C4/JaY7H6WzLtbWwTlXfWkN4=",
      "requires": {
        "tr46": "~0.0.3",
        "webidl-conversions": "^3.0.0"
      }
    },
    "z-schema": {
      "version": "3.18.4",
      "resolved": "https://registry.npmjs.org/z-schema/-/z-schema-3.18.4.tgz",
      "integrity": "sha512-DUOKC/IhbkdLKKiV89gw9DUauTV8U/8yJl1sjf6MtDmzevLKOF2duNJ495S3MFVjqZarr+qNGCPbkg4mu4PpLw==",
      "requires": {
        "commander": "^2.7.1",
        "lodash.get": "^4.0.0",
        "lodash.isequal": "^4.0.0",
        "validator": "^8.0.0"
      }
    }
  }
}
